
Microsoft Visual Studio Solution File, Format Version 12.00
# Visual Studio Version 16
VisualStudioVersion = 16.0.31321.278
MinimumVisualStudioVersion = 10.0.40219.1
Project("{FAE04EC0-301F-11D3-BF4B-00C04F79EFBC}") = "WinformTestProject", "WinformTestProject.csproj", "{F27344BD-2BC8-4EC1-813E-4294FEB798EC}"
EndProject
Project("{FAE04EC0-301F-11D3-BF4B-00C04F79EFBC}") = "NonConnectionDatabase", "..\NonConnectionDatabase\NonConnectionDatabase.csproj", "{DF35DA27-5FC2-44BC-8D2B-05733E0FAE01}"
EndProject
Project("{FAE04EC0-301F-11D3-BF4B-00C04F79EFBC}") = "NonConnectionDataSet", "..\NonConnectionDataSet\NonConnectionDataSet.csproj", "{8601191B-3A26-4CAA-A366-5204C69D065D}"
EndProject
Global
	GlobalSection(SolutionConfigurationPlatforms) = preSolution
		Debug|Any CPU = Debug|Any CPU
		Release|Any CPU = Release|Any CPU
	EndGlobalSection
	GlobalSection(ProjectConfigurationPlatforms) = postSolution
		{F27344BD-2BC8-4EC1-813E-4294FEB798EC}.Debug|Any CPU.ActiveCfg = Debug|Any CPU
		{F27344BD-2BC8-4EC1-813E-4294FEB798EC}.Debug|Any CPU.Build.0 = Debug|Any CPU
		{F27344BD-2BC8-4EC1-813E-4294FEB798EC}.Release|Any CPU.ActiveCfg = Release|Any CPU
		{F27344BD-2BC8-4EC1-813E-4294FEB798EC}.Release|Any CPU.Build.0 = Release|Any CPU
		{DF35DA27-5FC2-44BC-8D2B-05733E0FAE01}.Debug|Any CPU.ActiveCfg = Debug|Any CPU
		{DF35DA27-5FC2-44BC-8D2B-05733E0FAE01}.Debug|Any CPU.Build.0 = Debug|Any CPU
		{DF35DA27-5FC2-44BC-8D2B-05733E0FAE01}.Release|Any CPU.ActiveCfg = Release|Any CPU
		{DF35DA27-5FC2-44BC-8D2B-05733E0FAE01}.Release|Any CPU.Build.0 = Release|Any CPU
		{8601191B-3A26-4CAA-A366-5204C69D065D}.Debug|Any CPU.ActiveCfg = Debug|Any CPU
		{8601191B-3A26-4CAA-A366-5204C69D065D}.Debug|Any CPU.Build.0 = Debug|Any CPU
		{8601191B-3A26-4CAA-A366-5204C69D065D}.Release|Any CPU.ActiveCfg = Release|Any CPU
		{8601191B-3A26-4CAA-A366-5204C69D065D}.Release|Any CPU.Build.0 = Release|Any CPU
	EndGlobalSection
	GlobalSection(SolutionProperties) = preSolution
		HideSolutionNode = FALSE
	EndGlobalSection
	GlobalSection(ExtensibilityGlobals) = postSolution
		SolutionGuid = {88B0EE1C-584C-4347-B8BB-DC8D64EC2C8F}
	EndGlobalSection
EndGlobal
